
Microsoft Visual Studio Solution File, Format Version 12.00
# Visual Studio Version 17
VisualStudioVersion = 17.4.33110.190
MinimumVisualStudioVersion = 10.0.40219.1
Project("{FAE04EC0-301F-11D3-BF4B-00C04F79EFBC}") = "DSHVM", "DSHVM\DSHVM.csproj", "{8AAC565B-248E-4A18-BA92-24D68DF893E5}"
EndProject
Global
	GlobalSection(SolutionConfigurationPlatforms) = preSolution
		Debug|Any CPU = Debug|Any CPU
		Release|Any CPU = Release|Any CPU
	EndGlobalSection
	GlobalSection(ProjectConfigurationPlatforms) = postSolution
		{8AAC565B-248E-4A18-BA92-24D68DF893E5}.Debug|Any CPU.ActiveCfg = Debug|Any CPU
		{8AAC565B-248E-4A18-BA92-24D68DF893E5}.Debug|Any CPU.Build.0 = Debug|Any CPU
		{8AAC565B-248E-4A18-BA92-24D68DF893E5}.Release|Any CPU.ActiveCfg = Release|Any CPU
		{8AAC565B-248E-4A18-BA92-24D68DF893E5}.Release|Any CPU.Build.0 = Release|Any CPU
	EndGlobalSection
	GlobalSection(SolutionProperties) = preSolution
		HideSolutionNode = FALSE
	EndGlobalSection
	GlobalSection(ExtensibilityGlobals) = postSolution
		SolutionGuid = {D91BC17A-0CDE-4FDB-A6FB-6A710EDAE251}
	EndGlobalSection
EndGlobal
